version = 1
revision = 1
requires-python = ">=3.12"
resolution-markers = [
    "python_full_version >= '3.13'",
    "python_full_version < '3.13'",
]

[[package]]
name = "audioop-lts"
version = "0.2.1"
source = { registry = "https://pypi.org/simple" }
sdist = { url = "https://files.pythonhosted.org/packages/dd/3b/69ff8a885e4c1c42014c2765275c4bd91fe7bc9847e9d8543dbcbb09f820/audioop_lts-0.2.1.tar.gz", hash = "sha256:e81268da0baa880431b68b1308ab7257eb33f356e57a5f9b1f915dfb13dd1387", size = 30204 }
wheels = [
    { url = "https://files.pythonhosted.org/packages/01/91/a219253cc6e92db2ebeaf5cf8197f71d995df6f6b16091d1f3ce62cb169d/audioop_lts-0.2.1-cp313-abi3-macosx_10_13_universal2.whl", hash = "sha256:fd1345ae99e17e6910f47ce7d52673c6a1a70820d78b67de1b7abb3af29c426a", size = 46252 },
    { url = "https://files.pythonhosted.org/packages/ec/f6/3cb21e0accd9e112d27cee3b1477cd04dafe88675c54ad8b0d56226c1e0b/audioop_lts-0.2.1-cp313-abi3-macosx_10_13_x86_64.whl", hash = "sha256:e175350da05d2087e12cea8e72a70a1a8b14a17e92ed2022952a4419689ede5e", size = 27183 },
    { url = "https://files.pythonhosted.org/packages/ea/7e/f94c8a6a8b2571694375b4cf94d3e5e0f529e8e6ba280fad4d8c70621f27/audioop_lts-0.2.1-cp313-abi3-macosx_11_0_arm64.whl", hash = "sha256:4a8dd6a81770f6ecf019c4b6d659e000dc26571b273953cef7cd1d5ce2ff3ae6", size = 26726 },
    { url = "https://files.pythonhosted.org/packages/ef/f8/a0e8e7a033b03fae2b16bc5aa48100b461c4f3a8a38af56d5ad579924a3a/audioop_lts-0.2.1-cp313-abi3-manylinux_2_17_aarch64.manylinux2014_aarch64.whl", hash = "sha256:d1cd3c0b6f2ca25c7d2b1c3adeecbe23e65689839ba73331ebc7d893fcda7ffe", size = 80718 },
    { url = "https://files.pythonhosted.org/packages/8f/ea/a98ebd4ed631c93b8b8f2368862cd8084d75c77a697248c24437c36a6f7e/audioop_lts-0.2.1-cp313-abi3-manylinux_2_17_ppc64le.manylinux2014_ppc64le.whl", hash = "sha256:ff3f97b3372c97782e9c6d3d7fdbe83bce8f70de719605bd7ee1839cd1ab360a", size = 88326 },
    { url = "https://files.pythonhosted.org/packages/33/79/e97a9f9daac0982aa92db1199339bd393594d9a4196ad95ae088635a105f/audioop_lts-0.2.1-cp313-abi3-manylinux_2_17_s390x.manylinux2014_s390x.whl", hash = "sha256:a351af79edefc2a1bd2234bfd8b339935f389209943043913a919df4b0f13300", size = 80539 },
    { url = "https://files.pythonhosted.org/packages/b2/d3/1051d80e6f2d6f4773f90c07e73743a1e19fcd31af58ff4e8ef0375d3a80/audioop_lts-0.2.1-cp313-abi3-manylinux_2_5_i686.manylinux1_i686.manylinux_2_17_i686.manylinux2014_i686.whl", hash = "sha256:2aeb6f96f7f6da80354330470b9134d81b4cf544cdd1c549f2f45fe964d28059", size = 78577 },
    { url = "https://files.pythonhosted.org/packages/7a/1d/54f4c58bae8dc8c64a75071c7e98e105ddaca35449376fcb0180f6e3c9df/audioop_lts-0.2.1-cp313-abi3-manylinux_2_5_x86_64.manylinux1_x86_64.manylinux_2_17_x86_64.manylinux2014_x86_64.whl", hash = "sha256:c589f06407e8340e81962575fcffbba1e92671879a221186c3d4662de9fe804e", size = 82074 },
    { url = "https://files.pythonhosted.org/packages/36/89/2e78daa7cebbea57e72c0e1927413be4db675548a537cfba6a19040d52fa/audioop_lts-0.2.1-cp313-abi3-musllinux_1_2_aarch64.whl", hash = "sha256:fbae5d6925d7c26e712f0beda5ed69ebb40e14212c185d129b8dfbfcc335eb48", size = 84210 },
    { url = "https://files.pythonhosted.org/packages/a5/57/3ff8a74df2ec2fa6d2ae06ac86e4a27d6412dbb7d0e0d41024222744c7e0/audioop_lts-0.2.1-cp313-abi3-musllinux_1_2_i686.whl", hash = "sha256:d2d5434717f33117f29b5691fbdf142d36573d751716249a288fbb96ba26a281", size = 85664 },
    { url = "https://files.pythonhosted.org/packages/16/01/21cc4e5878f6edbc8e54be4c108d7cb9cb6202313cfe98e4ece6064580dd/audioop_lts-0.2.1-cp313-abi3-musllinux_1_2_ppc64le.whl", hash = "sha256:f626a01c0a186b08f7ff61431c01c055961ee28769591efa8800beadd27a2959", size = 93255 },
    { url = "https://files.pythonhosted.org/packages/3e/28/7f7418c362a899ac3b0bf13b1fde2d4ffccfdeb6a859abd26f2d142a1d58/audioop_lts-0.2.1-cp313-abi3-musllinux_1_2_s390x.whl", hash = "sha256:05da64e73837f88ee5c6217d732d2584cf638003ac72df124740460531e95e47", size = 87760 },
    { url = "https://files.pythonhosted.org/packages/6d/d8/577a8be87dc7dd2ba568895045cee7d32e81d85a7e44a29000fe02c4d9d4/audioop_lts-0.2.1-cp313-abi3-musllinux_1_2_x86_64.whl", hash = "sha256:56b7a0a4dba8e353436f31a932f3045d108a67b5943b30f85a5563f4d8488d77", size = 84992 },
    { url = "https://files.pythonhosted.org/packages/ef/9a/4699b0c4fcf89936d2bfb5425f55f1a8b86dff4237cfcc104946c9cd9858/audioop_lts-0.2.1-cp313-abi3-win32.whl", hash = "sha256:6e899eb8874dc2413b11926b5fb3857ec0ab55222840e38016a6ba2ea9b7d5e3", size = 26059 },
    { url = "https://files.pythonhosted.org/packages/3a/1c/1f88e9c5dd4785a547ce5fd1eb83fff832c00cc0e15c04c1119b02582d06/audioop_lts-0.2.1-cp313-abi3-win_amd64.whl", hash = "sha256:64562c5c771fb0a8b6262829b9b4f37a7b886c01b4d3ecdbae1d629717db08b4", size = 30412 },
    { url = "https://files.pythonhosted.org/packages/c4/e9/c123fd29d89a6402ad261516f848437472ccc602abb59bba522af45e281b/audioop_lts-0.2.1-cp313-abi3-win_arm64.whl", hash = "sha256:c45317debeb64002e980077642afbd977773a25fa3dfd7ed0c84dccfc1fafcb0", size = 23578 },
    { url = "https://files.pythonhosted.org/packages/7a/99/bb664a99561fd4266687e5cb8965e6ec31ba4ff7002c3fce3dc5ef2709db/audioop_lts-0.2.1-cp313-cp313t-macosx_10_13_universal2.whl", hash = "sha256:3827e3fce6fee4d69d96a3d00cd2ab07f3c0d844cb1e44e26f719b34a5b15455", size = 46827 },
    { url = "https://files.pythonhosted.org/packages/c4/e3/f664171e867e0768ab982715e744430cf323f1282eb2e11ebfb6ee4c4551/audioop_lts-0.2.1-cp313-cp313t-macosx_10_13_x86_64.whl", hash = "sha256:161249db9343b3c9780ca92c0be0d1ccbfecdbccac6844f3d0d44b9c4a00a17f", size = 27479 },
    { url = "https://files.pythonhosted.org/packages/a6/0d/2a79231ff54eb20e83b47e7610462ad6a2bea4e113fae5aa91c6547e7764/audioop_lts-0.2.1-cp313-cp313t-macosx_11_0_arm64.whl", hash = "sha256:5b7b4ff9de7a44e0ad2618afdc2ac920b91f4a6d3509520ee65339d4acde5abf", size = 27056 },
    { url = "https://files.pythonhosted.org/packages/86/46/342471398283bb0634f5a6df947806a423ba74b2e29e250c7ec0e3720e4f/audioop_lts-0.2.1-cp313-cp313t-manylinux_2_17_aarch64.manylinux2014_aarch64.whl", hash = "sha256:72e37f416adb43b0ced93419de0122b42753ee74e87070777b53c5d2241e7fab", size = 87802 },
    { url = "https://files.pythonhosted.org/packages/56/44/7a85b08d4ed55517634ff19ddfbd0af05bf8bfd39a204e4445cd0e6f0cc9/audioop_lts-0.2.1-cp313-cp313t-manylinux_2_17_ppc64le.manylinux2014_ppc64le.whl", hash = "sha256:534ce808e6bab6adb65548723c8cbe189a3379245db89b9d555c4210b4aaa9b6", size = 95016 },
    { url = "https://files.pythonhosted.org/packages/a8/2a/45edbca97ea9ee9e6bbbdb8d25613a36e16a4d1e14ae01557392f15cc8d3/audioop_lts-0.2.1-cp313-cp313t-manylinux_2_17_s390x.manylinux2014_s390x.whl", hash = "sha256:d2de9b6fb8b1cf9f03990b299a9112bfdf8b86b6987003ca9e8a6c4f56d39543", size = 87394 },
    { url = "https://files.pythonhosted.org/packages/14/ae/832bcbbef2c510629593bf46739374174606e25ac7d106b08d396b74c964/audioop_lts-0.2.1-cp313-cp313t-manylinux_2_5_i686.manylinux1_i686.manylinux_2_17_i686.manylinux2014_i686.whl", hash = "sha256:f24865991b5ed4b038add5edbf424639d1358144f4e2a3e7a84bc6ba23e35074", size = 84874 },
    { url = "https://files.pythonhosted.org/packages/26/1c/8023c3490798ed2f90dfe58ec3b26d7520a243ae9c0fc751ed3c9d8dbb69/audioop_lts-0.2.1-cp313-cp313t-manylinux_2_5_x86_64.manylinux1_x86_64.manylinux_2_17_x86_64.manylinux2014_x86_64.whl", hash = "sha256:2bdb3b7912ccd57ea53197943f1bbc67262dcf29802c4a6df79ec1c715d45a78", size = 88698 },
    { url = "https://files.pythonhosted.org/packages/2c/db/5379d953d4918278b1f04a5a64b2c112bd7aae8f81021009da0dcb77173c/audioop_lts-0.2.1-cp313-cp313t-musllinux_1_2_aarch64.whl", hash = "sha256:120678b208cca1158f0a12d667af592e067f7a50df9adc4dc8f6ad8d065a93fb", size = 90401 },
    { url = "https://files.pythonhosted.org/packages/99/6e/3c45d316705ab1aec2e69543a5b5e458d0d112a93d08994347fafef03d50/audioop_lts-0.2.1-cp313-cp313t-musllinux_1_2_i686.whl", hash = "sha256:54cd4520fc830b23c7d223693ed3e1b4d464997dd3abc7c15dce9a1f9bd76ab2", size = 91864 },
    { url = "https://files.pythonhosted.org/packages/08/58/6a371d8fed4f34debdb532c0b00942a84ebf3e7ad368e5edc26931d0e251/audioop_lts-0.2.1-cp313-cp313t-musllinux_1_2_ppc64le.whl", hash = "sha256:d6bd20c7a10abcb0fb3d8aaa7508c0bf3d40dfad7515c572014da4b979d3310a", size = 98796 },
    { url = "https://files.pythonhosted.org/packages/ee/77/d637aa35497e0034ff846fd3330d1db26bc6fd9dd79c406e1341188b06a2/audioop_lts-0.2.1-cp313-cp313t-musllinux_1_2_s390x.whl", hash = "sha256:f0ed1ad9bd862539ea875fb339ecb18fcc4148f8d9908f4502df28f94d23491a", size = 94116 },
    { url = "https://files.pythonhosted.org/packages/1a/60/7afc2abf46bbcf525a6ebc0305d85ab08dc2d1e2da72c48dbb35eee5b62c/audioop_lts-0.2.1-cp313-cp313t-musllinux_1_2_x86_64.whl", hash = "sha256:e1af3ff32b8c38a7d900382646e91f2fc515fd19dea37e9392275a5cbfdbff63", size = 91520 },
    { url = "https://files.pythonhosted.org/packages/65/6d/42d40da100be1afb661fd77c2b1c0dfab08af1540df57533621aea3db52a/audioop_lts-0.2.1-cp313-cp313t-win32.whl", hash = "sha256:f51bb55122a89f7a0817d7ac2319744b4640b5b446c4c3efcea5764ea99ae509", size = 26482 },
    { url = "https://files.pythonhosted.org/packages/01/09/f08494dca79f65212f5b273aecc5a2f96691bf3307cac29acfcf84300c01/audioop_lts-0.2.1-cp313-cp313t-win_amd64.whl", hash = "sha256:f0f2f336aa2aee2bce0b0dcc32bbba9178995454c7b979cf6ce086a8801e14c7", size = 30780 },
    { url = "https://files.pythonhosted.org/packages/5d/35/be73b6015511aa0173ec595fc579133b797ad532996f2998fd6b8d1bbe6b/audioop_lts-0.2.1-cp313-cp313t-win_arm64.whl", hash = "sha256:78bfb3703388c780edf900be66e07de5a3d4105ca8e8720c5c4d67927e0b15d0", size = 23918 },
]

[[package]]
name = "certifi"
version = "2025.6.15"
source = { registry = "https://pypi.org/simple" }
sdist = { url = "https://files.pythonhosted.org/packages/73/f7/f14b46d4bcd21092d7d3ccef689615220d8a08fb25e564b65d20738e672e/certifi-2025.6.15.tar.gz", hash = "sha256:d747aa5a8b9bbbb1bb8c22bb13e22bd1f18e9796defa16bab421f7f7a317323b", size = 158753 }
wheels = [
    { url = "https://files.pythonhosted.org/packages/84/ae/320161bd181fc06471eed047ecce67b693fd7515b16d495d8932db763426/certifi-2025.6.15-py3-none-any.whl", hash = "sha256:2e0c7ce7cb5d8f8634ca55d2ba7e6ec2689a2fd6537d8dec1296a477a4910057", size = 157650 },
]

[[package]]
name = "charset-normalizer"
version = "3.4.2"
source = { registry = "https://pypi.org/simple" }
sdist = { url = "https://files.pythonhosted.org/packages/e4/33/89c2ced2b67d1c2a61c19c6751aa8902d46ce3dacb23600a283619f5a12d/charset_normalizer-3.4.2.tar.gz", hash = "sha256:5baececa9ecba31eff645232d59845c07aa030f0c81ee70184a90d35099a0e63", size = 126367 }
wheels = [
    { url = "https://files.pythonhosted.org/packages/d7/a4/37f4d6035c89cac7930395a35cc0f1b872e652eaafb76a6075943754f095/charset_normalizer-3.4.2-cp312-cp312-macosx_10_13_universal2.whl", hash = "sha256:0c29de6a1a95f24b9a1aa7aefd27d2487263f00dfd55a77719b530788f75cff7", size = 199936 },
    { url = "https://files.pythonhosted.org/packages/ee/8a/1a5e33b73e0d9287274f899d967907cd0bf9c343e651755d9307e0dbf2b3/charset_normalizer-3.4.2-cp312-cp312-manylinux_2_17_aarch64.manylinux2014_aarch64.whl", hash = "sha256:cddf7bd982eaa998934a91f69d182aec997c6c468898efe6679af88283b498d3", size = 143790 },
    { url = "https://files.pythonhosted.org/packages/66/52/59521f1d8e6ab1482164fa21409c5ef44da3e9f653c13ba71becdd98dec3/charset_normalizer-3.4.2-cp312-cp312-manylinux_2_17_ppc64le.manylinux2014_ppc64le.whl", hash = "sha256:fcbe676a55d7445b22c10967bceaaf0ee69407fbe0ece4d032b6eb8d4565982a", size = 153924 },
    { url = "https://files.pythonhosted.org/packages/86/2d/fb55fdf41964ec782febbf33cb64be480a6b8f16ded2dbe8db27a405c09f/charset_normalizer-3.4.2-cp312-cp312-manylinux_2_17_s390x.manylinux2014_s390x.whl", hash = "sha256:d41c4d287cfc69060fa91cae9683eacffad989f1a10811995fa309df656ec214", size = 146626 },
    { url = "https://files.pythonhosted.org/packages/8c/73/6ede2ec59bce19b3edf4209d70004253ec5f4e319f9a2e3f2f15601ed5f7/charset_normalizer-3.4.2-cp312-cp312-manylinux_2_17_x86_64.manylinux2014_x86_64.whl", hash = "sha256:4e594135de17ab3866138f496755f302b72157d115086d100c3f19370839dd3a", size = 148567 },
    { url = "https://files.pythonhosted.org/packages/09/14/957d03c6dc343c04904530b6bef4e5efae5ec7d7990a7cbb868e4595ee30/charset_normalizer-3.4.2-cp312-cp312-manylinux_2_5_i686.manylinux1_i686.manylinux_2_17_i686.manylinux2014_i686.whl", hash = "sha256:cf713fe9a71ef6fd5adf7a79670135081cd4431c2943864757f0fa3a65b1fafd", size = 150957 },
    { url = "https://files.pythonhosted.org/packages/0d/c8/8174d0e5c10ccebdcb1b53cc959591c4c722a3ad92461a273e86b9f5a302/charset_normalizer-3.4.2-cp312-cp312-musllinux_1_2_aarch64.whl", hash = "sha256:a370b3e078e418187da8c3674eddb9d983ec09445c99a3a263c2011993522981", size = 145408 },
    { url = "https://files.pythonhosted.org/packages/58/aa/8904b84bc8084ac19dc52feb4f5952c6df03ffb460a887b42615ee1382e8/charset_normalizer-3.4.2-cp312-cp312-musllinux_1_2_i686.whl", hash = "sha256:a955b438e62efdf7e0b7b52a64dc5c3396e2634baa62471768a64bc2adb73d5c", size = 153399 },
    { url = "https://files.pythonhosted.org/packages/c2/26/89ee1f0e264d201cb65cf054aca6038c03b1a0c6b4ae998070392a3ce605/charset_normalizer-3.4.2-cp312-cp312-musllinux_1_2_ppc64le.whl", hash = "sha256:7222ffd5e4de8e57e03ce2cef95a4c43c98fcb72ad86909abdfc2c17d227fc1b", size = 156815 },
    { url = "https://files.pythonhosted.org/packages/fd/07/68e95b4b345bad3dbbd3a8681737b4338ff2c9df29856a6d6d23ac4c73cb/charset_normalizer-3.4.2-cp312-cp312-musllinux_1_2_s390x.whl", hash = "sha256:bee093bf902e1d8fc0ac143c88902c3dfc8941f7ea1d6a8dd2bcb786d33db03d", size = 154537 },
    { url = "https://files.pythonhosted.org/packages/77/1a/5eefc0ce04affb98af07bc05f3bac9094513c0e23b0562d64af46a06aae4/charset_normalizer-3.4.2-cp312-cp312-musllinux_1_2_x86_64.whl", hash = "sha256:dedb8adb91d11846ee08bec4c8236c8549ac721c245678282dcb06b221aab59f", size = 149565 },
    { url = "https://files.pythonhosted.org/packages/37/a0/2410e5e6032a174c95e0806b1a6585eb21e12f445ebe239fac441995226a/charset_normalizer-3.4.2-cp312-cp312-win32.whl", hash = "sha256:db4c7bf0e07fc3b7d89ac2a5880a6a8062056801b83ff56d8464b70f65482b6c", size = 98357 },
    { url = "https://files.pythonhosted.org/packages/6c/4f/c02d5c493967af3eda9c771ad4d2bbc8df6f99ddbeb37ceea6e8716a32bc/charset_normalizer-3.4.2-cp312-cp312-win_amd64.whl", hash = "sha256:5a9979887252a82fefd3d3ed2a8e3b937a7a809f65dcb1e068b090e165bbe99e", size = 105776 },
    { url = "https://files.pythonhosted.org/packages/ea/12/a93df3366ed32db1d907d7593a94f1fe6293903e3e92967bebd6950ed12c/charset_normalizer-3.4.2-cp313-cp313-macosx_10_13_universal2.whl", hash = "sha256:926ca93accd5d36ccdabd803392ddc3e03e6d4cd1cf17deff3b989ab8e9dbcf0", size = 199622 },
    { url = "https://files.pythonhosted.org/packages/04/93/bf204e6f344c39d9937d3c13c8cd5bbfc266472e51fc8c07cb7f64fcd2de/charset_normalizer-3.4.2-cp313-cp313-manylinux_2_17_aarch64.manylinux2014_aarch64.whl", hash = "sha256:eba9904b0f38a143592d9fc0e19e2df0fa2e41c3c3745554761c5f6447eedabf", size = 143435 },
    { url = "https://files.pythonhosted.org/packages/22/2a/ea8a2095b0bafa6c5b5a55ffdc2f924455233ee7b91c69b7edfcc9e02284/charset_normalizer-3.4.2-cp313-cp313-manylinux_2_17_ppc64le.manylinux2014_ppc64le.whl", hash = "sha256:3fddb7e2c84ac87ac3a947cb4e66d143ca5863ef48e4a5ecb83bd48619e4634e", size = 153653 },
    { url = "https://files.pythonhosted.org/packages/b6/57/1b090ff183d13cef485dfbe272e2fe57622a76694061353c59da52c9a659/charset_normalizer-3.4.2-cp313-cp313-manylinux_2_17_s390x.manylinux2014_s390x.whl", hash = "sha256:98f862da73774290f251b9df8d11161b6cf25b599a66baf087c1ffe340e9bfd1", size = 146231 },
    { url = "https://files.pythonhosted.org/packages/e2/28/ffc026b26f441fc67bd21ab7f03b313ab3fe46714a14b516f931abe1a2d8/charset_normalizer-3.4.2-cp313-cp313-manylinux_2_17_x86_64.manylinux2014_x86_64.whl", hash = "sha256:6c9379d65defcab82d07b2a9dfbfc2e95bc8fe0ebb1b176a3190230a3ef0e07c", size = 148243 },
    { url = "https://files.pythonhosted.org/packages/c0/0f/9abe9bd191629c33e69e47c6ef45ef99773320e9ad8e9cb08b8ab4a8d4cb/charset_normalizer-3.4.2-cp313-cp313-manylinux_2_5_i686.manylinux1_i686.manylinux_2_17_i686.manylinux2014_i686.whl", hash = "sha256:e635b87f01ebc977342e2697d05b56632f5f879a4f15955dfe8cef2448b51691", size = 150442 },
    { url = "https://files.pythonhosted.org/packages/67/7c/a123bbcedca91d5916c056407f89a7f5e8fdfce12ba825d7d6b9954a1a3c/charset_normalizer-3.4.2-cp313-cp313-musllinux_1_2_aarch64.whl", hash = "sha256:1c95a1e2902a8b722868587c0e1184ad5c55631de5afc0eb96bc4b0d738092c0", size = 145147 },
    { url = "https://files.pythonhosted.org/packages/ec/fe/1ac556fa4899d967b83e9893788e86b6af4d83e4726511eaaad035e36595/charset_normalizer-3.4.2-cp313-cp313-musllinux_1_2_i686.whl", hash = "sha256:ef8de666d6179b009dce7bcb2ad4c4a779f113f12caf8dc77f0162c29d20490b", size = 153057 },
    { url = "https://files.pythonhosted.org/packages/2b/ff/acfc0b0a70b19e3e54febdd5301a98b72fa07635e56f24f60502e954c461/charset_normalizer-3.4.2-cp313-cp313-musllinux_1_2_ppc64le.whl", hash = "sha256:32fc0341d72e0f73f80acb0a2c94216bd704f4f0bce10aedea38f30502b271ff", size = 156454 },
    { url = "https://files.pythonhosted.org/packages/92/08/95b458ce9c740d0645feb0e96cea1f5ec946ea9c580a94adfe0b617f3573/charset_normalizer-3.4.2-cp313-cp313-musllinux_1_2_s390x.whl", hash = "sha256:289200a18fa698949d2b39c671c2cc7a24d44096784e76614899a7ccf2574b7b", size = 154174 },
    { url = "https://files.pythonhosted.org/packages/78/be/8392efc43487ac051eee6c36d5fbd63032d78f7728cb37aebcc98191f1ff/charset_normalizer-3.4.2-cp313-cp313-musllinux_1_2_x86_64.whl", hash = "sha256:4a476b06fbcf359ad25d34a057b7219281286ae2477cc5ff5e3f70a246971148", size = 149166 },
    { url = "https://files.pythonhosted.org/packages/44/96/392abd49b094d30b91d9fbda6a69519e95802250b777841cf3bda8fe136c/charset_normalizer-3.4.2-cp313-cp313-win32.whl", hash = "sha256:aaeeb6a479c7667fbe1099af9617c83aaca22182d6cf8c53966491a0f1b7ffb7", size = 98064 },
    { url = "https://files.pythonhosted.org/packages/e9/b0/0200da600134e001d91851ddc797809e2fe0ea72de90e09bec5a2fbdaccb/charset_normalizer-3.4.2-cp313-cp313-win_amd64.whl", hash = "sha256:aa6af9e7d59f9c12b33ae4e9450619cf2488e2bbe9b44030905877f0b2324980", size = 105641 },
    { url = "https://files.pythonhosted.org/packages/20/94/c5790835a017658cbfabd07f3bfb549140c3ac458cfc196323996b10095a/charset_normalizer-3.4.2-py3-none-any.whl", hash = "sha256:7f56930ab0abd1c45cd15be65cc741c28b1c9a34876ce8c17a2fa107810c0af0", size = 52626 },
]

[[package]]
name = "chinesenumberutils"
version = "1.1.2"
source = { registry = "https://pypi.org/simple" }
sdist = { url = "https://files.pythonhosted.org/packages/b2/d3/1ba75f350248ad2191d808e4065266189a9990b75a0b40286d2847e215bf/ChineseNumberUtils-1.1.2.tar.gz", hash = "sha256:b84b2e02ee337c551ca3809e867982b30786f56211bd32b6218f6db7d27079e4", size = 4982 }
wheels = [
    { url = "https://files.pythonhosted.org/packages/fa/37/42b82ab89d4e7025450cad95dcefcecc0095848ea1150e97c3ab075f34c8/ChineseNumberUtils-1.1.2-py3-none-any.whl", hash = "sha256:128f07e79038a7d6596cb99bbc60dbed64a976c75836116b5820fac341cb6cd7", size = 5542 },
]

[[package]]
name = "idna"
version = "3.10"
source = { registry = "https://pypi.org/simple" }
sdist = { url = "https://files.pythonhosted.org/packages/f1/70/7703c29685631f5a7590aa73f1f1d3fa9a380e654b86af429e0934a32f7d/idna-3.10.tar.gz", hash = "sha256:12f65c9b470abda6dc35cf8e63cc574b1c52b11df2c86030af0ac09b01b13ea9", size = 190490 }
wheels = [
    { url = "https://files.pythonhosted.org/packages/76/c6/c88e154df9c4e1a2a66ccf0005a88dfb2650c1dffb6f5ce603dfbd452ce3/idna-3.10-py3-none-any.whl", hash = "sha256:946d195a0d259cbba61165e88e65941f16e9b36ea6ddb97f00452bae8b1287d3", size = 70442 },
]

[[package]]
name = "mandarin-pronunciation-checker"
version = "0.1.0"
source = { editable = "." }
dependencies = [
    { name = "chinesenumberutils" },
    { name = "pyaudio" },
    { name = "requests" },
    { name = "speechrecognition" },
    { name = "xpinyin" },
]

[package.dev-dependencies]
dev = [
    { name = "ruff" },
]

[package.metadata]
requires-dist = [
    { name = "chinesenumberutils", specifier = ">=1.1.2" },
    { name = "pyaudio", specifier = ">=0.2.14" },
    { name = "requests", specifier = ">=2.32.4" },
    { name = "speechrecognition", specifier = ">=3.14.3" },
    { name = "xpinyin", specifier = ">=0.7.7" },
]

[package.metadata.requires-dev]
dev = [{ name = "ruff", specifier = ">=0.12.0" }]

[[package]]
name = "pyaudio"
version = "0.2.14"
source = { registry = "https://pypi.org/simple" }
sdist = { url = "https://files.pythonhosted.org/packages/26/1d/8878c7752febb0f6716a7e1a52cb92ac98871c5aa522cba181878091607c/PyAudio-0.2.14.tar.gz", hash = "sha256:78dfff3879b4994d1f4fc6485646a57755c6ee3c19647a491f790a0895bd2f87", size = 47066 }
wheels = [
    { url = "https://files.pythonhosted.org/packages/8d/45/8d2b76e8f6db783f9326c1305f3f816d4a12c8eda5edc6a2e1d03c097c3b/PyAudio-0.2.14-cp312-cp312-win32.whl", hash = "sha256:5fce4bcdd2e0e8c063d835dbe2860dac46437506af509353c7f8114d4bacbd5b", size = 144750 },
    { url = "https://files.pythonhosted.org/packages/b0/6a/d25812e5f79f06285767ec607b39149d02aa3b31d50c2269768f48768930/PyAudio-0.2.14-cp312-cp312-win_amd64.whl", hash = "sha256:12f2f1ba04e06ff95d80700a78967897a489c05e093e3bffa05a84ed9c0a7fa3", size = 164126 },
    { url = "https://files.pythonhosted.org/packages/3a/77/66cd37111a87c1589b63524f3d3c848011d21ca97828422c7fde7665ff0d/PyAudio-0.2.14-cp313-cp313-win32.whl", hash = "sha256:95328285b4dab57ea8c52a4a996cb52be6d629353315be5bfda403d15932a497", size = 150982 },
    { url = "https://files.pythonhosted.org/packages/a5/8b/7f9a061c1cc2b230f9ac02a6003fcd14c85ce1828013aecbaf45aa988d20/PyAudio-0.2.14-cp313-cp313-win_amd64.whl", hash = "sha256:692d8c1446f52ed2662120bcd9ddcb5aa2b71f38bda31e58b19fb4672fffba69", size = 173655 },
]

[[package]]
name = "requests"
version = "2.32.4"
source = { registry = "https://pypi.org/simple" }
dependencies = [
    { name = "certifi" },
    { name = "charset-normalizer" },
    { name = "idna" },
    { name = "urllib3" },
]
sdist = { url = "https://files.pythonhosted.org/packages/e1/0a/929373653770d8a0d7ea76c37de6e41f11eb07559b103b1c02cafb3f7cf8/requests-2.32.4.tar.gz", hash = "sha256:27d0316682c8a29834d3264820024b62a36942083d52caf2f14c0591336d3422", size = 135258 }
wheels = [
    { url = "https://files.pythonhosted.org/packages/7c/e4/56027c4a6b4ae70ca9de302488c5ca95ad4a39e190093d6c1a8ace08341b/requests-2.32.4-py3-none-any.whl", hash = "sha256:27babd3cda2a6d50b30443204ee89830707d396671944c998b5975b031ac2b2c", size = 64847 },
]

[[package]]
name = "ruff"
version = "0.12.0"
source = { registry = "https://pypi.org/simple" }
sdist = { url = "https://files.pythonhosted.org/packages/24/90/5255432602c0b196a0da6720f6f76b93eb50baef46d3c9b0025e2f9acbf3/ruff-0.12.0.tar.gz", hash = "sha256:4d047db3662418d4a848a3fdbfaf17488b34b62f527ed6f10cb8afd78135bc5c", size = 4376101 }
wheels = [
    { url = "https://files.pythonhosted.org/packages/e6/fd/b46bb20e14b11ff49dbc74c61de352e0dc07fb650189513631f6fb5fc69f/ruff-0.12.0-py3-none-linux_armv6l.whl", hash = "sha256:5652a9ecdb308a1754d96a68827755f28d5dfb416b06f60fd9e13f26191a8848", size = 10311554 },
    { url = "https://files.pythonhosted.org/packages/e7/d3/021dde5a988fa3e25d2468d1dadeea0ae89dc4bc67d0140c6e68818a12a1/ruff-0.12.0-py3-none-macosx_10_12_x86_64.whl", hash = "sha256:05ed0c914fabc602fc1f3b42c53aa219e5736cb030cdd85640c32dbc73da74a6", size = 11118435 },
    { url = "https://files.pythonhosted.org/packages/07/a2/01a5acf495265c667686ec418f19fd5c32bcc326d4c79ac28824aecd6a32/ruff-0.12.0-py3-none-macosx_11_0_arm64.whl", hash = "sha256:07a7aa9b69ac3fcfda3c507916d5d1bca10821fe3797d46bad10f2c6de1edda0", size = 10466010 },
    { url = "https://files.pythonhosted.org/packages/4c/57/7caf31dd947d72e7aa06c60ecb19c135cad871a0a8a251723088132ce801/ruff-0.12.0-py3-none-manylinux_2_17_aarch64.manylinux2014_aarch64.whl", hash = "sha256:e7731c3eec50af71597243bace7ec6104616ca56dda2b99c89935fe926bdcd48", size = 10661366 },
    { url = "https://files.pythonhosted.org/packages/e9/ba/aa393b972a782b4bc9ea121e0e358a18981980856190d7d2b6187f63e03a/ruff-0.12.0-py3-none-manylinux_2_17_armv7l.manylinux2014_armv7l.whl", hash = "sha256:952d0630eae628250ab1c70a7fffb641b03e6b4a2d3f3ec6c1d19b4ab6c6c807", size = 10173492 },
    { url = "https://files.pythonhosted.org/packages/d7/50/9349ee777614bc3062fc6b038503a59b2034d09dd259daf8192f56c06720/ruff-0.12.0-py3-none-manylinux_2_17_i686.manylinux2014_i686.whl", hash = "sha256:c021f04ea06966b02614d442e94071781c424ab8e02ec7af2f037b4c1e01cc82", size = 11761739 },
    { url = "https://files.pythonhosted.org/packages/04/8f/ad459de67c70ec112e2ba7206841c8f4eb340a03ee6a5cabc159fe558b8e/ruff-0.12.0-py3-none-manylinux_2_17_ppc64.manylinux2014_ppc64.whl", hash = "sha256:7d235618283718ee2fe14db07f954f9b2423700919dc688eacf3f8797a11315c", size = 12537098 },
    { url = "https://files.pythonhosted.org/packages/ed/50/15ad9c80ebd3c4819f5bd8883e57329f538704ed57bac680d95cb6627527/ruff-0.12.0-py3-none-manylinux_2_17_ppc64le.manylinux2014_ppc64le.whl", hash = "sha256:0c0758038f81beec8cc52ca22de9685b8ae7f7cc18c013ec2050012862cc9165", size = 12154122 },
    { url = "https://files.pythonhosted.org/packages/76/e6/79b91e41bc8cc3e78ee95c87093c6cacfa275c786e53c9b11b9358026b3d/ruff-0.12.0-py3-none-manylinux_2_17_s390x.manylinux2014_s390x.whl", hash = "sha256:139b3d28027987b78fc8d6cfb61165447bdf3740e650b7c480744873688808c2", size = 11363374 },
    { url = "https://files.pythonhosted.org/packages/db/c3/82b292ff8a561850934549aa9dc39e2c4e783ab3c21debe55a495ddf7827/ruff-0.12.0-py3-none-manylinux_2_17_x86_64.manylinux2014_x86_64.whl", hash = "sha256:68853e8517b17bba004152aebd9dd77d5213e503a5f2789395b25f26acac0da4", size = 11587647 },
    { url = "https://files.pythonhosted.org/packages/2b/42/d5760d742669f285909de1bbf50289baccb647b53e99b8a3b4f7ce1b2001/ruff-0.12.0-py3-none-musllinux_1_2_aarch64.whl", hash = "sha256:3a9512af224b9ac4757f7010843771da6b2b0935a9e5e76bb407caa901a1a514", size = 10527284 },
    { url = "https://files.pythonhosted.org/packages/19/f6/fcee9935f25a8a8bba4adbae62495c39ef281256693962c2159e8b284c5f/ruff-0.12.0-py3-none-musllinux_1_2_armv7l.whl", hash = "sha256:b08df3d96db798e5beb488d4df03011874aff919a97dcc2dd8539bb2be5d6a88", size = 10158609 },
    { url = "https://files.pythonhosted.org/packages/37/fb/057febf0eea07b9384787bfe197e8b3384aa05faa0d6bd844b94ceb29945/ruff-0.12.0-py3-none-musllinux_1_2_i686.whl", hash = "sha256:6a315992297a7435a66259073681bb0d8647a826b7a6de45c6934b2ca3a9ed51", size = 11141462 },
    { url = "https://files.pythonhosted.org/packages/10/7c/1be8571011585914b9d23c95b15d07eec2d2303e94a03df58294bc9274d4/ruff-0.12.0-py3-none-musllinux_1_2_x86_64.whl", hash = "sha256:1e55e44e770e061f55a7dbc6e9aed47feea07731d809a3710feda2262d2d4d8a", size = 11641616 },
    { url = "https://files.pythonhosted.org/packages/6a/ef/b960ab4818f90ff59e571d03c3f992828d4683561095e80f9ef31f3d58b7/ruff-0.12.0-py3-none-win32.whl", hash = "sha256:7162a4c816f8d1555eb195c46ae0bd819834d2a3f18f98cc63819a7b46f474fb", size = 10525289 },
    { url = "https://files.pythonhosted.org/packages/34/93/8b16034d493ef958a500f17cda3496c63a537ce9d5a6479feec9558f1695/ruff-0.12.0-py3-none-win_amd64.whl", hash = "sha256:d00b7a157b8fb6d3827b49d3324da34a1e3f93492c1f97b08e222ad7e9b291e0", size = 11598311 },
    { url = "https://files.pythonhosted.org/packages/d0/33/4d3e79e4a84533d6cd526bfb42c020a23256ae5e4265d858bd1287831f7d/ruff-0.12.0-py3-none-win_arm64.whl", hash = "sha256:8cd24580405ad8c1cc64d61725bca091d6b6da7eb3d36f72cc605467069d7e8b", size = 10724946 },
]

[[package]]
name = "speechrecognition"
version = "3.14.3"
source = { registry = "https://pypi.org/simple" }
dependencies = [
    { name = "audioop-lts", marker = "python_full_version >= '3.13'" },
    { name = "standard-aifc", marker = "python_full_version >= '3.13'" },
    { name = "typing-extensions" },
]
sdist = { url = "https://files.pythonhosted.org/packages/a9/7b/51d8b756aa1066b3f95bcbe3795f382f630ca9d2559ed808dada022141bf/speechrecognition-3.14.3.tar.gz", hash = "sha256:bdd2000a9897832b33095e33adfa48580787255706092e1346d1c6c36adae0a4", size = 32858109 }
wheels = [
    { url = "https://files.pythonhosted.org/packages/aa/cd/4b5f5d04c8a4e25c376858d0ad28c325f079f17c82bf379185abf45e41bf/speechrecognition-3.14.3-py3-none-any.whl", hash = "sha256:1859fbb09ae23fa759200f5b0677307f1fb16e2c5c798f4259fcc41dd5399fe6", size = 32853520 },
]

[[package]]
name = "standard-aifc"
version = "3.13.0"
source = { registry = "https://pypi.org/simple" }
dependencies = [
    { name = "audioop-lts", marker = "python_full_version >= '3.13'" },
    { name = "standard-chunk", marker = "python_full_version >= '3.13'" },
]
sdist = { url = "https://files.pythonhosted.org/packages/c4/53/6050dc3dde1671eb3db592c13b55a8005e5040131f7509cef0215212cb84/standard_aifc-3.13.0.tar.gz", hash = "sha256:64e249c7cb4b3daf2fdba4e95721f811bde8bdfc43ad9f936589b7bb2fae2e43", size = 15240 }
wheels = [
    { url = "https://files.pythonhosted.org/packages/c3/52/5fbb203394cc852334d1575cc020f6bcec768d2265355984dfd361968f36/standard_aifc-3.13.0-py3-none-any.whl", hash = "sha256:f7ae09cc57de1224a0dd8e3eb8f73830be7c3d0bc485de4c1f82b4a7f645ac66", size = 10492 },
]

[[package]]
name = "standard-chunk"
version = "3.13.0"
source = { registry = "https://pypi.org/simple" }
sdist = { url = "https://files.pythonhosted.org/packages/43/06/ce1bb165c1f111c7d23a1ad17204d67224baa69725bb6857a264db61beaf/standard_chunk-3.13.0.tar.gz", hash = "sha256:4ac345d37d7e686d2755e01836b8d98eda0d1a3ee90375e597ae43aaf064d654", size = 4672 }
wheels = [
    { url = "https://files.pythonhosted.org/packages/7a/90/a5c1084d87767d787a6caba615aa50dc587229646308d9420c960cb5e4c0/standard_chunk-3.13.0-py3-none-any.whl", hash = "sha256:17880a26c285189c644bd5bd8f8ed2bdb795d216e3293e6dbe55bbd848e2982c", size = 4944 },
]

[[package]]
name = "typing-extensions"
version = "4.14.0"
source = { registry = "https://pypi.org/simple" }
sdist = { url = "https://files.pythonhosted.org/packages/d1/bc/51647cd02527e87d05cb083ccc402f93e441606ff1f01739a62c8ad09ba5/typing_extensions-4.14.0.tar.gz", hash = "sha256:8676b788e32f02ab42d9e7c61324048ae4c6d844a399eebace3d4979d75ceef4", size = 107423 }
wheels = [
    { url = "https://files.pythonhosted.org/packages/69/e0/552843e0d356fbb5256d21449fa957fa4eff3bbc135a74a691ee70c7c5da/typing_extensions-4.14.0-py3-none-any.whl", hash = "sha256:a1514509136dd0b477638fc68d6a91497af5076466ad0fa6c338e44e359944af", size = 43839 },
]

[[package]]
name = "urllib3"
version = "2.4.0"
source = { registry = "https://pypi.org/simple" }
sdist = { url = "https://files.pythonhosted.org/packages/8a/78/16493d9c386d8e60e442a35feac5e00f0913c0f4b7c217c11e8ec2ff53e0/urllib3-2.4.0.tar.gz", hash = "sha256:414bc6535b787febd7567804cc015fee39daab8ad86268f1310a9250697de466", size = 390672 }
wheels = [
    { url = "https://files.pythonhosted.org/packages/6b/11/cc635220681e93a0183390e26485430ca2c7b5f9d33b15c74c2861cb8091/urllib3-2.4.0-py3-none-any.whl", hash = "sha256:4e16665048960a0900c702d4a66415956a584919c03361cac9f1df5c5dd7e813", size = 128680 },
]

[[package]]
name = "xpinyin"
version = "0.7.7"
source = { registry = "https://pypi.org/simple" }
sdist = { url = "https://files.pythonhosted.org/packages/6e/3e/41397274f9447ba29a947778b669b6f21717839ed164eba6b68cd168e705/xpinyin-0.7.7.tar.gz", hash = "sha256:89a1f3f12c7119b4526b93360a74fbe48ee24847481a4bab3b4fee8f4536079d", size = 133954 }
wheels = [
    { url = "https://files.pythonhosted.org/packages/82/bd/f7865b810ca7cc82fa566ec224786f674aab878d89866370ea7a20063b4c/xpinyin-0.7.7-py3-none-any.whl", hash = "sha256:1317a0140b704e03e5f368c2dc7618887a2fc45cdc288b6d648e2ebabf571f0e", size = 129774 },
]
